
Microsoft Visual Studio Solution File, Format Version 12.00
# Visual Studio Version 17
VisualStudioVersion = 17.9.34728.123
MinimumVisualStudioVersion = 10.0.40219.1
Project("{FAE04EC0-301F-11D3-BF4B-00C04F79EFBC}") = "Duothan.Server", "Duothan.Server\Duothan.Server.csproj", "{CEA92D01-20E8-4C7F-989E-A1E99CAD437D}"
EndProject
Project("{54A90642-561A-4BB1-A94E-469ADEE60C69}") = "duothan.client", "duothan.client\duothan.client.esproj", "{CE2A8743-1FBD-4941-AEAA-B34C067E70B5}"
EndProject
Global
	GlobalSection(SolutionConfigurationPlatforms) = preSolution
		Debug|Any CPU = Debug|Any CPU
		Release|Any CPU = Release|Any CPU
	EndGlobalSection
	GlobalSection(ProjectConfigurationPlatforms) = postSolution
		{CEA92D01-20E8-4C7F-989E-A1E99CAD437D}.Debug|Any CPU.ActiveCfg = Debug|Any CPU
		{CEA92D01-20E8-4C7F-989E-A1E99CAD437D}.Debug|Any CPU.Build.0 = Debug|Any CPU
		{CEA92D01-20E8-4C7F-989E-A1E99CAD437D}.Release|Any CPU.ActiveCfg = Release|Any CPU
		{CEA92D01-20E8-4C7F-989E-A1E99CAD437D}.Release|Any CPU.Build.0 = Release|Any CPU
		{CE2A8743-1FBD-4941-AEAA-B34C067E70B5}.Debug|Any CPU.ActiveCfg = Debug|Any CPU
		{CE2A8743-1FBD-4941-AEAA-B34C067E70B5}.Debug|Any CPU.Build.0 = Debug|Any CPU
		{CE2A8743-1FBD-4941-AEAA-B34C067E70B5}.Debug|Any CPU.Deploy.0 = Debug|Any CPU
		{CE2A8743-1FBD-4941-AEAA-B34C067E70B5}.Release|Any CPU.ActiveCfg = Release|Any CPU
		{CE2A8743-1FBD-4941-AEAA-B34C067E70B5}.Release|Any CPU.Build.0 = Release|Any CPU
		{CE2A8743-1FBD-4941-AEAA-B34C067E70B5}.Release|Any CPU.Deploy.0 = Release|Any CPU
	EndGlobalSection
	GlobalSection(SolutionProperties) = preSolution
		HideSolutionNode = FALSE
	EndGlobalSection
	GlobalSection(ExtensibilityGlobals) = postSolution
		SolutionGuid = {B6F2AF32-7C39-4E0C-9849-CDEB0E29894D}
	EndGlobalSection
EndGlobal
